// !$*UTF8*$!
{
	archiveVersion = 1;
	classes = {
	};
	objectVersion = 46;
	objects = {

/* Begin PBXBuildFile section */
		87BBEB821B7F62A100EC1468 /* main.m in Sources */ = {isa = PBXBuildFile; fileRef = 87BBEB811B7F62A100EC1468 /* main.m */; };
		87BBEB8A1B7F62CB00EC1468 /* Shape.m in Sources */ = {isa = PBXBuildFile; fileRef = 87BBEB891B7F62CB00EC1468 /* Shape.m */; };
		87BBEB8D1B7F6A2A00EC1468 /* Square.m in Sources */ = {isa = PBXBuildFile; fileRef = 87BBEB8C1B7F6A2A00EC1468 /* Square.m */; };
		87BBEB901B7F6DE600EC1468 /* Circle.m in Sources */ = {isa = PBXBuildFile; fileRef = 87BBEB8F1B7F6DE600EC1468 /* Circle.m */; };
/* End PBXBuildFile section */

/* Begin PBXCopyFilesBuildPhase section */
		87BBEB7C1B7F62A100EC1468 /* CopyFiles */ = {
			isa = PBXCopyFilesBuildPhase;
			buildActionMask = 2147483647;
			dstPath = /usr/share/man/man1/;
			dstSubfolderSpec = 0;
			files = (
			);
			runOnlyForDeploymentPostprocessing = 1;
		};
/* End PBXCopyFilesBuildPhase section */

/* Begin PBXFileReference section */
		87BBEB7E1B7F62A100EC1468 /* shapeFinal */ = {isa = PBXFileReference; explicitFileType = "compiled.mach-o.executable"; includeInIndex = 0; path = shapeFinal; sourceTree = BUILT_PRODUCTS_DIR; };
		87BBEB811B7F62A100EC1468 /* main.m */ = {isa = PBXFileReference; lastKnownFileType = sourcecode.c.objc; path = main.m; sourceTree = "<group>"; };
		87BBEB881B7F62CB00EC1468 /* Shape.h */ = {isa = PBXFileReference; fileEncoding = 4; lastKnownFileType = sourcecode.c.h; path = Shape.h; sourceTree = "<group>"; };
		87BBEB891B7F62CB00EC1468 /* Shape.m */ = {isa = PBXFileReference; fileEncoding = 4; lastKnownFileType = sourcecode.c.objc; path = Shape.m; sourceTree = "<group>"; };
		87BBEB8B1B7F6A2A00EC1468 /* Square.h */ = {isa = PBXFileReference; fileEncoding = 4; lastKnownFileType = sourcecode.c.h; path = Square.h; sourceTree = "<group>"; };
		87BBEB8C1B7F6A2A00EC1468 /* Square.m */ = {isa = PBXFileReference; fileEncoding = 4; lastKnownFileType = sourcecode.c.objc; path = Square.m; sourceTree = "<group>"; };
		87BBEB8E1B7F6DE600EC1468 /* Circle.h */ = {isa = PBXFileReference; fileEncoding = 4; lastKnownFileType = sourcecode.c.h; path = Circle.h; sourceTree = "<group>"; };
		87BBEB8F1B7F6DE600EC1468 /* Circle.m */ = {isa = PBXFileReference; fileEncoding = 4; lastKnownFileType = sourcecode.c.objc; path = Circle.m; sourceTree = "<group>"; };
/* End PBXFileReference section */

/* Begin PBXFrameworksBuildPhase section */
		87BBEB7B1B7F62A100EC1468 /* Frameworks */ = {
			isa = PBXFrameworksBuildPhase;
			buildActionMask = 2147483647;
			files = (
			);
			runOnlyForDeploymentPostprocessing = 0;
		};
/* End PBXFrameworksBuildPhase section */

/* Begin PBXGroup section */
		87BBEB751B7F62A100EC1468 = {
			isa = PBXGroup;
			children = (
				87BBEB801B7F62A100EC1468 /* shapeFinal */,
				87BBEB7F1B7F62A100EC1468 /* Products */,
			);
			sourceTree = "<group>";
		};
		87BBEB7F1B7F62A100EC1468 /* Products */ = {
			isa = PBXGroup;
			children = (
				87BBEB7E1B7F62A100EC1468 /* shapeFinal */,
			);
			name = Products;
			sourceTree = "<group>";
		};
		87BBEB801B7F62A100EC1468 /* shapeFinal */ = {
			isa = PBXGroup;
			children = (
				87BBEB811B7F62A100EC1468 /* main.m */,
				87BBEB8B1B7F6A2A00EC1468 /* Square.h */,
				87BBEB8C1B7F6A2A00EC1468 /* Square.m */,
				87BBEB881B7F62CB00EC1468 /* Shape.h */,
				87BBEB8E1B7F6DE600EC1468 /* Circle.h */,
				87BBEB8F1B7F6DE600EC1468 /* Circle.m */,
				87BBEB891B7F62CB00EC1468 /* Shape.m */,
			);
			path = shapeFinal;
			sourceTree = "<group>";
		};
/* End PBXGroup section */

/* Begin PBXNativeTarget section */
		87BBEB7D1B7F62A100EC1468 /* shapeFinal */ = {
			isa = PBXNativeTarget;
			buildConfigurationList = 87BBEB851B7F62A100EC1468 /* Build configuration list for PBXNativeTarget "shapeFinal" */;
			buildPhases = (
				87BBEB7A1B7F62A100EC1468 /* Sources */,
				87BBEB7B1B7F62A100EC1468 /* Frameworks */,
				87BBEB7C1B7F62A100EC1468 /* CopyFiles */,
			);
			buildRules = (
			);
			dependencies = (
			);
			name = shapeFinal;
			productName = shapeFinal;
			productReference = 87BBEB7E1B7F62A100EC1468 /* shapeFinal */;
			productType = "com.apple.product-type.tool";
		};
/* End PBXNativeTarget section */

/* Begin PBXProject section */
		87BBEB761B7F62A100EC1468 /* Project object */ = {
			isa = PBXProject;
			attributes = {
				LastUpgradeCheck = 0640;
				ORGANIZATIONNAME = "Ronald Rivera";
				TargetAttributes = {
					87BBEB7D1B7F62A100EC1468 = {
						CreatedOnToolsVersion = 6.4;
					};
				};
			};
			buildConfigurationList = 87BBEB791B7F62A100EC1468 /* Build configuration list for PBXProject "shapeFinal" */;
			compatibilityVersion = "Xcode 3.2";
			developmentRegion = English;
			hasScannedForEncodings = 0;
			knownRegions = (
				en,
			);
			mainGroup = 87BBEB751B7F62A100EC1468;
			productRefGroup = 87BBEB7F1B7F62A100EC1468 /* Products */;
			projectDirPath = "";
			projectRoot = "";
			targets = (
				87BBEB7D1B7F62A100EC1468 /* shapeFinal */,
			);
		};
/* End PBXProject section */

/* Begin PBXSourcesBuildPhase section */
		87BBEB7A1B7F62A100EC1468 /* Sources */ = {
			isa = PBXSourcesBuildPhase;
			buildActionMask = 2147483647;
			files = (
				87BBEB8D1B7F6A2A00EC1468 /* Square.m in Sources */,
				87BBEB901B7F6DE600EC1468 /* Circle.m in Sources */,
				87BBEB821B7F62A100EC1468 /* main.m in Sources */,
				87BBEB8A1B7F62CB00EC1468 /* Shape.m in Sources */,
			);
			runOnlyForDeploymentPostprocessing = 0;
		};
/* End PBXSourcesBuildPhase section */

/* Begin XCBuildConfiguration section */
		87BBEB831B7F62A100EC1468 /* Debug */ = {
			isa = XCBuildConfiguration;
			buildSettings = {
				ALWAYS_SEARCH_USER_PATHS = NO;
				CLANG_CXX_LANGUAGE_STANDARD = "gnu++0x";
				CLANG_CXX_LIBRARY = "libc++";
				CLANG_ENABLE_MODULES = YES;
				CLANG_ENABLE_OBJC_ARC = YES;
				CLANG_WARN_BOOL_CONVERSION = YES;
				CLANG_WARN_CONSTANT_CONVERSION = YES;
				CLANG_WARN_DIRECT_OBJC_ISA_USAGE = YES_ERROR;
				CLANG_WARN_EMPTY_BODY = YES;
				CLANG_WARN_ENUM_CONVERSION = YES;
				CLANG_WARN_INT_CONVERSION = YES;
				CLANG_WARN_OBJC_ROOT_CLASS = YES_ERROR;
				CLANG_WARN_UNREACHABLE_CODE = YES;
				CLANG_WARN__DUPLICATE_METHOD_MATCH = YES;
				COPY_PHASE_STRIP = NO;
				DEBUG_INFORMATION_FORMAT = dwarf;
				ENABLE_STRICT_OBJC_MSGSEND = YES;
				GCC_C_LANGUAGE_STANDARD = gnu99;
				GCC_DYNAMIC_NO_PIC = NO;
				GCC_NO_COMMON_BLOCKS = YES;
				GCC_OPTIMIZATION_LEVEL = 0;
				GCC_PREPROCESSOR_DEFINITIONS = (
					"DEBUG=1",
					"$(inherited)",
				);
				GCC_SYMBOLS_PRIVATE_EXTERN = NO;
				GCC_WARN_64_TO_32_BIT_CONVERSION = YES;
				GCC_WARN_ABOUT_RETURN_TYPE = YES_ERROR;
				GCC_WARN_UNDECLARED_SELECTOR = YES;
				GCC_WARN_UNINITIALIZED_AUTOS = YES_AGGRESSIVE;
				GCC_WARN_UNUSED_FUNCTION = YES;
				GCC_WARN_UNUSED_VARIABLE = YES;
				MACOSX_DEPLOYMENT_TARGET = 10.10;
				MTL_ENABLE_DEBUG_INFO = YES;
				ONLY_ACTIVE_ARCH = YES;
				SDKROOT = macosx;
			};
			name = Debug;
		};
		87BBEB841B7F62A100EC1468 /* Release */ = {
			isa = XCBuildConfiguration;
			buildSettings = {
				ALWAYS_SEARCH_USER_PATHS = NO;
				CLANG_CXX_LANGUAGE_STANDARD = "gnu++0x";
				CLANG_CXX_LIBRARY = "libc++";
				CLANG_ENABLE_MODULES = YES;
				CLANG_ENABLE_OBJC_ARC = YES;
				CLANG_WARN_BOOL_CONVERSION = YES;
				CLANG_WARN_CONSTANT_CONVERSION = YES;
				CLANG_WARN_DIRECT_OBJC_ISA_USAGE = YES_ERROR;
				CLANG_WARN_EMPTY_BODY = YES;
				CLANG_WARN_ENUM_CONVERSION = YES;
				CLANG_WARN_INT_CONVERSION = YES;
				CLANG_WARN_OBJC_ROOT_CLASS = YES_ERROR;
				CLANG_WARN_UNREACHABLE_CODE = YES;
				CLANG_WARN__DUPLICATE_METHOD_MATCH = YES;
				COPY_PHASE_STRIP = NO;
				DEBUG_INFORMATION_FORMAT = "dwarf-with-dsym";
				ENABLE_NS_ASSERTIONS = NO;
				ENABLE_STRICT_OBJC_MSGSEND = YES;
				GCC_C_LANGUAGE_STANDARD = gnu99;
				GCC_NO_COMMON_BLOCKS = YES;
				GCC_WARN_64_TO_32_BIT_CONVERSION = YES;
				GCC_WARN_ABOUT_RETURN_TYPE = YES_ERROR;
				GCC_WARN_UNDECLARED_SELECTOR = YES;
				GCC_WARN_UNINITIALIZED_AUTOS = YES_AGGRESSIVE;
				GCC_WARN_UNUSED_FUNCTION = YES;
				GCC_WARN_UNUSED_VARIABLE = YES;
				MACOSX_DEPLOYMENT_TARGET = 10.10;
				MTL_ENABLE_DEBUG_INFO = NO;
				SDKROOT = macosx;
			};
			name = Release;
		};
		87BBEB861B7F62A100EC1468 /* Debug */ = {
			isa = XCBuildConfiguration;
			buildSettings = {
				PRODUCT_NAME = "$(TARGET_NAME)";
			};
			name = Debug;
		};
		87BBEB871B7F62A100EC1468 /* Release */ = {
			isa = XCBuildConfiguration;
			buildSettings = {
				PRODUCT_NAME = "$(TARGET_NAME)";
			};
			name = Release;
		};
/* End XCBuildConfiguration section */

/* Begin XCConfigurationList section */
		87BBEB791B7F62A100EC1468 /* Build configuration list for PBXProject "shapeFinal" */ = {
			isa = XCConfigurationList;
			buildConfigurations = (
				87BBEB831B7F62A100EC1468 /* Debug */,
				87BBEB841B7F62A100EC1468 /* Release */,
			);
			defaultConfigurationIsVisible = 0;
			defaultConfigurationName = Release;
		};
		87BBEB851B7F62A100EC1468 /* Build configuration list for PBXNativeTarget "shapeFinal" */ = {
			isa = XCConfigurationList;
			buildConfigurations = (
				87BBEB861B7F62A100EC1468 /* Debug */,
				87BBEB871B7F62A100EC1468 /* Release */,
			);
			defaultConfigurationIsVisible = 0;
		};
/* End XCConfigurationList section */
	};
	rootObject = 87BBEB761B7F62A100EC1468 /* Project object */;
}
